# This file is automatically @generated by Cargo.
# It is not intended for manual editing.
version = 4

[[package]]
name = "oxyl"
version = "0.1.6"
dependencies = [
 "oxyl-diagnostics",
 "oxyl-lexer",
 "oxyl-parser",
]

[[package]]
name = "oxyl-diagnostics"
version = "0.1.6"

[[package]]
name = "oxyl-lexer"
version = "0.1.6"
dependencies = [
 "oxyl-diagnostics",
]

[[package]]
name = "oxyl-parser"
version = "0.1.6"
dependencies = [
 "oxyl-diagnostics",
 "oxyl-lexer",
]
